<?xml version="1.0" encoding="utf-8"?>
<Project ToolsVersion="4.0" xmlns="http://schemas.microsoft.com/developer/msbuild/2003">
  <ItemGroup>
    <ClCompile Include="g_cast_spawn.c">
      <Filter>thugfloor_c</Filter>
    </ClCompile>
    <ClCompile Include="ep_all.c">
      <Filter>thugfloor_c</Filter>
    </ClCompile>
    <ClCompile Include="ep_crystalpalace.c">
      <Filter>thugfloor_c</Filter>
    </ClCompile>
    <ClCompile Include="ep_log.c">
      <Filter>thugfloor_c</Filter>
    </ClCompile>
    <ClCompile Include="ep_posionville.c">
      <Filter>thugfloor_c</Filter>
    </ClCompile>
    <ClCompile Include="ep_radiocity.c">
      <Filter>thugfloor_c</Filter>
    </ClCompile>
    <ClCompile Include="ep_shipyards.c">
      <Filter>thugfloor_c</Filter>
    </ClCompile>
    <ClCompile Include="ep_skidrow.c">
      <Filter>thugfloor_c</Filter>
    </ClCompile>
    <ClCompile Include="ep_steeltown.c">
      <Filter>thugfloor_c</Filter>
    </ClCompile>
    <ClCompile Include="ep_trainyard.c">
      <Filter>thugfloor_c</Filter>
    </ClCompile>
    <ClCompile Include="p_client.c">
      <Filter>thugfloor_c</Filter>
    </ClCompile>
    <ClCompile Include="p_hud.c">
      <Filter>thugfloor_c</Filter>
    </ClCompile>
    <ClCompile Include="p_view.c">
      <Filter>thugfloor_c</Filter>
    </ClCompile>
    <ClCompile Include="p_weapon.c">
      <Filter>thugfloor_c</Filter>
    </ClCompile>
    <ClCompile Include="voice_punk.c">
      <Filter>thugfloor_c</Filter>
    </ClCompile>
    <ClCompile Include="file.c">
      <Filter>thugfloor_c</Filter>
    </ClCompile>
    <ClCompile Include="m_bbox.c">
      <Filter>thugfloor_c</Filter>
    </ClCompile>
    <ClCompile Include="m_move.c">
      <Filter>thugfloor_c</Filter>
    </ClCompile>
    <ClCompile Include="q_shared.c">
      <Filter>thugfloor_c</Filter>
    </ClCompile>
    <ClCompile Include="tourney.c">
      <Filter>thugfloor_c</Filter>
    </ClCompile>
    <ClCompile Include="unlagged.c">
      <Filter>thugfloor_c</Filter>
    </ClCompile>
    <ClCompile Include="vehicles.c">
      <Filter>thugfloor_c</Filter>
    </ClCompile>
    <ClCompile Include="versioncheck.c">
      <Filter>thugfloor_c</Filter>
    </ClCompile>
    <ClCompile Include="voice.c">
      <Filter>thugfloor_c</Filter>
    </ClCompile>
    <ClCompile Include="voice_bitch.c">
      <Filter>thugfloor_c</Filter>
    </ClCompile>
    <ClCompile Include="ai_whore.c">
      <Filter>thugfloor_c</Filter>
    </ClCompile>
    <ClCompile Include="ai_bitch.c">
      <Filter>thugfloor_c</Filter>
    </ClCompile>
    <ClCompile Include="ai_bum_sit.c">
      <Filter>thugfloor_c</Filter>
    </ClCompile>
    <ClCompile Include="ai_dog.c">
      <Filter>thugfloor_c</Filter>
    </ClCompile>
    <ClCompile Include="ai_punk.c">
      <Filter>thugfloor_c</Filter>
    </ClCompile>
    <ClCompile Include="ai_rat.c">
      <Filter>thugfloor_c</Filter>
    </ClCompile>
    <ClCompile Include="ai_runt.c">
      <Filter>thugfloor_c</Filter>
    </ClCompile>
    <ClCompile Include="ai_shorty.c">
      <Filter>thugfloor_c</Filter>
    </ClCompile>
    <ClCompile Include="ai_thug.c">
      <Filter>thugfloor_c</Filter>
    </ClCompile>
    <ClCompile Include="ai_thug_sit.c">
      <Filter>thugfloor_c</Filter>
    </ClCompile>
    <ClCompile Include="g_weapon.c">
      <Filter>thugfloor_c</Filter>
    </ClCompile>
    <ClCompile Include="g_ai.c">
      <Filter>thugfloor_c</Filter>
    </ClCompile>
    <ClCompile Include="g_ai_ents.c">
      <Filter>thugfloor_c</Filter>
    </ClCompile>
    <ClCompile Include="g_ai_fight.c">
      <Filter>thugfloor_c</Filter>
    </ClCompile>
    <ClCompile Include="g_ai_memory.c">
      <Filter>thugfloor_c</Filter>
    </ClCompile>
    <ClCompile Include="g_cast.c">
      <Filter>thugfloor_c</Filter>
    </ClCompile>
    <ClCompile Include="g_chase.c">
      <Filter>thugfloor_c</Filter>
    </ClCompile>
    <ClCompile Include="g_cmds.c">
      <Filter>thugfloor_c</Filter>
    </ClCompile>
    <ClCompile Include="g_combat.c">
      <Filter>thugfloor_c</Filter>
    </ClCompile>
    <ClCompile Include="g_func.c">
      <Filter>thugfloor_c</Filter>
    </ClCompile>
    <ClCompile Include="g_items.c">
      <Filter>thugfloor_c</Filter>
    </ClCompile>
    <ClCompile Include="g_joe_misc.c">
      <Filter>thugfloor_c</Filter>
    </ClCompile>
    <ClCompile Include="g_main.c">
      <Filter>thugfloor_c</Filter>
    </ClCompile>
    <ClCompile Include="g_misc.c">
      <Filter>thugfloor_c</Filter>
    </ClCompile>
    <ClCompile Include="g_pawn.c">
      <Filter>thugfloor_c</Filter>
    </ClCompile>
    <ClCompile Include="g_phys.c">
      <Filter>thugfloor_c</Filter>
    </ClCompile>
    <ClCompile Include="g_save.c">
      <Filter>thugfloor_c</Filter>
    </ClCompile>
    <ClCompile Include="g_scrollmenu.c">
      <Filter>thugfloor_c</Filter>
    </ClCompile>
    <ClCompile Include="g_spawn.c">
      <Filter>thugfloor_c</Filter>
    </ClCompile>
    <ClCompile Include="g_svcmds.c">
      <Filter>thugfloor_c</Filter>
    </ClCompile>
    <ClCompile Include="g_target.c">
      <Filter>thugfloor_c</Filter>
    </ClCompile>
    <ClCompile Include="g_teamplay.c">
      <Filter>thugfloor_c</Filter>
    </ClCompile>
    <ClCompile Include="g_trigger.c">
      <Filter>thugfloor_c</Filter>
    </ClCompile>
    <ClCompile Include="g_utils.c">
      <Filter>thugfloor_c</Filter>
    </ClCompile>
  </ItemGroup>
  <ItemGroup>
    <ClInclude Include="g_cast_spawn.h">
      <Filter>thugfloor_h</Filter>
    </ClInclude>
    <ClInclude Include="defines.h">
      <Filter>thugfloor_h</Filter>
    </ClInclude>
    <ClInclude Include="file.h">
      <Filter>thugfloor_h</Filter>
    </ClInclude>
    <ClInclude Include="game.h">
      <Filter>thugfloor_h</Filter>
    </ClInclude>
    <ClInclude Include="gslog.h">
      <Filter>thugfloor_h</Filter>
    </ClInclude>
    <ClInclude Include="m_player.h">
      <Filter>thugfloor_h</Filter>
    </ClInclude>
    <ClInclude Include="q_shared.h">
      <Filter>thugfloor_h</Filter>
    </ClInclude>
    <ClInclude Include="veh_defs.h">
      <Filter>thugfloor_h</Filter>
    </ClInclude>
    <ClInclude Include="vehicles.h">
      <Filter>thugfloor_h</Filter>
    </ClInclude>
    <ClInclude Include="versioncheck.h">
      <Filter>thugfloor_h</Filter>
    </ClInclude>
    <ClInclude Include="voice.h">
      <Filter>thugfloor_h</Filter>
    </ClInclude>
    <ClInclude Include="voice_bitch.h">
      <Filter>thugfloor_h</Filter>
    </ClInclude>
    <ClInclude Include="voice_punk.h">
      <Filter>thugfloor_h</Filter>
    </ClInclude>
    <ClInclude Include="ai_whore_tables.h">
      <Filter>thugfloor_h</Filter>
    </ClInclude>
    <ClInclude Include="ai_punk.h">
      <Filter>thugfloor_h</Filter>
    </ClInclude>
    <ClInclude Include="ai_punk_tables.h">
      <Filter>thugfloor_h</Filter>
    </ClInclude>
    <ClInclude Include="ai_rat.h">
      <Filter>thugfloor_h</Filter>
    </ClInclude>
    <ClInclude Include="ai_rat_tables.h">
      <Filter>thugfloor_h</Filter>
    </ClInclude>
    <ClInclude Include="ai_runt.h">
      <Filter>thugfloor_h</Filter>
    </ClInclude>
    <ClInclude Include="ai_runt_tables.h">
      <Filter>thugfloor_h</Filter>
    </ClInclude>
    <ClInclude Include="ai_shorty.h">
      <Filter>thugfloor_h</Filter>
    </ClInclude>
    <ClInclude Include="ai_shorty_tables.h">
      <Filter>thugfloor_h</Filter>
    </ClInclude>
    <ClInclude Include="ai_thug.h">
      <Filter>thugfloor_h</Filter>
    </ClInclude>
    <ClInclude Include="ai_thug_sit.h">
      <Filter>thugfloor_h</Filter>
    </ClInclude>
    <ClInclude Include="ai_thug_sit_tables.h">
      <Filter>thugfloor_h</Filter>
    </ClInclude>
    <ClInclude Include="ai_thug_tables.h">
      <Filter>thugfloor_h</Filter>
    </ClInclude>
    <ClInclude Include="ai_whore.h">
      <Filter>thugfloor_h</Filter>
    </ClInclude>
    <ClInclude Include="ai_dog_tables.h">
      <Filter>thugfloor_h</Filter>
    </ClInclude>
    <ClInclude Include="ai_bitch.h">
      <Filter>thugfloor_h</Filter>
    </ClInclude>
    <ClInclude Include="ai_bitch_tables.h">
      <Filter>thugfloor_h</Filter>
    </ClInclude>
    <ClInclude Include="ai_bum_sit.h">
      <Filter>thugfloor_h</Filter>
    </ClInclude>
    <ClInclude Include="ai_bum_sit_tables.h">
      <Filter>thugfloor_h</Filter>
    </ClInclude>
    <ClInclude Include="ai_dog.h">
      <Filter>thugfloor_h</Filter>
    </ClInclude>
    <ClInclude Include="g_teamplay.h">
      <Filter>thugfloor_h</Filter>
    </ClInclude>
    <ClInclude Include="g_ai.h">
      <Filter>thugfloor_h</Filter>
    </ClInclude>
    <ClInclude Include="g_func.h">
      <Filter>thugfloor_h</Filter>
    </ClInclude>
    <ClInclude Include="g_local.h">
      <Filter>thugfloor_h</Filter>
    </ClInclude>
    <ClInclude Include="g_nav.h">
      <Filter>thugfloor_h</Filter>
    </ClInclude>
    <ClInclude Include="ep_all.h">
      <Filter>thugfloor_h</Filter>
    </ClInclude>
    <ClInclude Include="ep_log.h">
      <Filter>thugfloor_h</Filter>
    </ClInclude>
  </ItemGroup>
  <ItemGroup>
    <Filter Include="thugfloor_c">
      <UniqueIdentifier>{3541d47d-579d-4d7d-be08-5ad4f65a8613}</UniqueIdentifier>
    </Filter>
    <Filter Include="thugfloor_h">
      <UniqueIdentifier>{238cde09-e8e3-46fa-9909-3d76bd06fa93}</UniqueIdentifier>
    </Filter>
  </ItemGroup>
</Project>