
Microsoft Visual Studio Solution File, Format Version 12.00
# Visual Studio 14
VisualStudioVersion = 14.0.25420.1
MinimumVisualStudioVersion = 10.0.40219.1
Project("{8BC9CEB8-8B4A-11D0-8D11-00A0C91BC942}") = "game", "game.vcxproj", "{5CCD2D4E-440C-4040-B1F5-3992013E34A1}"
EndProject
Global
	GlobalSection(SolutionConfigurationPlatforms) = preSolution
		f_DbugDed|Win32 = f_DbugDed|Win32
		f_DbugLan|Win32 = f_DbugLan|Win32
		f_Release|Win32 = f_Release|Win32
		h_DbugDed|Win32 = h_DbugDed|Win32
		h_DbugLan|Win32 = h_DbugLan|Win32
		h_Release|Win32 = h_Release|Win32
	EndGlobalSection
	GlobalSection(ProjectConfigurationPlatforms) = postSolution
		{5CCD2D4E-440C-4040-B1F5-3992013E34A1}.f_DbugDed|Win32.ActiveCfg = f_dBugDed|Win32
		{5CCD2D4E-440C-4040-B1F5-3992013E34A1}.f_DbugDed|Win32.Build.0 = f_dBugDed|Win32
		{5CCD2D4E-440C-4040-B1F5-3992013E34A1}.f_DbugLan|Win32.ActiveCfg = f_dBugLan|Win32
		{5CCD2D4E-440C-4040-B1F5-3992013E34A1}.f_DbugLan|Win32.Build.0 = f_dBugLan|Win32
		{5CCD2D4E-440C-4040-B1F5-3992013E34A1}.f_Release|Win32.ActiveCfg = f_Release|Win32
		{5CCD2D4E-440C-4040-B1F5-3992013E34A1}.f_Release|Win32.Build.0 = f_Release|Win32
		{5CCD2D4E-440C-4040-B1F5-3992013E34A1}.h_DbugDed|Win32.ActiveCfg = h_dBugDed|Win32
		{5CCD2D4E-440C-4040-B1F5-3992013E34A1}.h_DbugDed|Win32.Build.0 = h_dBugDed|Win32
		{5CCD2D4E-440C-4040-B1F5-3992013E34A1}.h_DbugLan|Win32.ActiveCfg = h_dBubLan|Win32
		{5CCD2D4E-440C-4040-B1F5-3992013E34A1}.h_DbugLan|Win32.Build.0 = h_dBubLan|Win32
		{5CCD2D4E-440C-4040-B1F5-3992013E34A1}.h_Release|Win32.ActiveCfg = h_Release|Win32
		{5CCD2D4E-440C-4040-B1F5-3992013E34A1}.h_Release|Win32.Build.0 = h_Release|Win32
	EndGlobalSection
	GlobalSection(SolutionProperties) = preSolution
		HideSolutionNode = FALSE
	EndGlobalSection
EndGlobal
